// !$*UTF8*$!
{
	archiveVersion = 1;
	classes = {
	};
	objectVersion = 50;
	objects = {

/* Begin PBXBuildFile section */
		C4F176C1D2C36AFEF9A27842 /* Pods_poc_viodeplayer.framework in Frameworks */ = {isa = PBXBuildFile; fileRef = 265005CE1CBF601474633958 /* Pods_poc_viodeplayer.framework */; };
		DA746F8924487770008F3BF6 /* AppDelegate.swift in Sources */ = {isa = PBXBuildFile; fileRef = DA746F8824487770008F3BF6 /* AppDelegate.swift */; };
		DA746F8B24487770008F3BF6 /* SceneDelegate.swift in Sources */ = {isa = PBXBuildFile; fileRef = DA746F8A24487770008F3BF6 /* SceneDelegate.swift */; };
		DA746F8D24487770008F3BF6 /* ViewController.swift in Sources */ = {isa = PBXBuildFile; fileRef = DA746F8C24487770008F3BF6 /* ViewController.swift */; };
		DA746F9024487770008F3BF6 /* Main.storyboard in Resources */ = {isa = PBXBuildFile; fileRef = DA746F8E24487770008F3BF6 /* Main.storyboard */; };
		DA746F9224487774008F3BF6 /* Assets.xcassets in Resources */ = {isa = PBXBuildFile; fileRef = DA746F9124487774008F3BF6 /* Assets.xcassets */; };
		DA746F9524487774008F3BF6 /* LaunchScreen.storyboard in Resources */ = {isa = PBXBuildFile; fileRef = DA746F9324487774008F3BF6 /* LaunchScreen.storyboard */; };
/* End PBXBuildFile section */

/* Begin PBXFileReference section */
		265005CE1CBF601474633958 /* Pods_poc_viodeplayer.framework */ = {isa = PBXFileReference; explicitFileType = wrapper.framework; includeInIndex = 0; path = Pods_poc_viodeplayer.framework; sourceTree = BUILT_PRODUCTS_DIR; };
		3A316C490F87A3993D1B2F2E /* Pods-poc_viodeplayer.release.xcconfig */ = {isa = PBXFileReference; includeInIndex = 1; lastKnownFileType = text.xcconfig; name = "Pods-poc_viodeplayer.release.xcconfig"; path = "Target Support Files/Pods-poc_viodeplayer/Pods-poc_viodeplayer.release.xcconfig"; sourceTree = "<group>"; };
		537E0153F4D4869E634D2482 /* Pods-poc_viodeplayer.debug.xcconfig */ = {isa = PBXFileReference; includeInIndex = 1; lastKnownFileType = text.xcconfig; name = "Pods-poc_viodeplayer.debug.xcconfig"; path = "Target Support Files/Pods-poc_viodeplayer/Pods-poc_viodeplayer.debug.xcconfig"; sourceTree = "<group>"; };
		DA746F8524487770008F3BF6 /* poc_viodeplayer.app */ = {isa = PBXFileReference; explicitFileType = wrapper.application; includeInIndex = 0; path = poc_viodeplayer.app; sourceTree = BUILT_PRODUCTS_DIR; };
		DA746F8824487770008F3BF6 /* AppDelegate.swift */ = {isa = PBXFileReference; lastKnownFileType = sourcecode.swift; path = AppDelegate.swift; sourceTree = "<group>"; };
		DA746F8A24487770008F3BF6 /* SceneDelegate.swift */ = {isa = PBXFileReference; lastKnownFileType = sourcecode.swift; path = SceneDelegate.swift; sourceTree = "<group>"; };
		DA746F8C24487770008F3BF6 /* ViewController.swift */ = {isa = PBXFileReference; lastKnownFileType = sourcecode.swift; path = ViewController.swift; sourceTree = "<group>"; };
		DA746F8F24487770008F3BF6 /* Base */ = {isa = PBXFileReference; lastKnownFileType = file.storyboard; name = Base; path = Base.lproj/Main.storyboard; sourceTree = "<group>"; };
		DA746F9124487774008F3BF6 /* Assets.xcassets */ = {isa = PBXFileReference; lastKnownFileType = folder.assetcatalog; path = Assets.xcassets; sourceTree = "<group>"; };
		DA746F9424487774008F3BF6 /* Base */ = {isa = PBXFileReference; lastKnownFileType = file.storyboard; name = Base; path = Base.lproj/LaunchScreen.storyboard; sourceTree = "<group>"; };
		DA746F9624487774008F3BF6 /* Info.plist */ = {isa = PBXFileReference; lastKnownFileType = text.plist.xml; path = Info.plist; sourceTree = "<group>"; };
/* End PBXFileReference section */

/* Begin PBXFrameworksBuildPhase section */
		DA746F8224487770008F3BF6 /* Frameworks */ = {
			isa = PBXFrameworksBuildPhase;
			buildActionMask = 2147483647;
			files = (
				C4F176C1D2C36AFEF9A27842 /* Pods_poc_viodeplayer.framework in Frameworks */,
			);
			runOnlyForDeploymentPostprocessing = 0;
		};
/* End PBXFrameworksBuildPhase section */

/* Begin PBXGroup section */
		0E6BA6E614A7593E678C5B9F /* Frameworks */ = {
			isa = PBXGroup;
			children = (
				265005CE1CBF601474633958 /* Pods_poc_viodeplayer.framework */,
			);
			name = Frameworks;
			sourceTree = "<group>";
		};
		120A6EBC49E0A8DCDDB481A2 /* Pods */ = {
			isa = PBXGroup;
			children = (
				537E0153F4D4869E634D2482 /* Pods-poc_viodeplayer.debug.xcconfig */,
				3A316C490F87A3993D1B2F2E /* Pods-poc_viodeplayer.release.xcconfig */,
			);
			name = Pods;
			path = Pods;
			sourceTree = "<group>";
		};
		DA746F7C24487770008F3BF6 = {
			isa = PBXGroup;
			children = (
				DA746F8724487770008F3BF6 /* poc_viodeplayer */,
				DA746F8624487770008F3BF6 /* Products */,
				120A6EBC49E0A8DCDDB481A2 /* Pods */,
				0E6BA6E614A7593E678C5B9F /* Frameworks */,
			);
			sourceTree = "<group>";
		};
		DA746F8624487770008F3BF6 /* Products */ = {
			isa = PBXGroup;
			children = (
				DA746F8524487770008F3BF6 /* poc_viodeplayer.app */,
			);
			name = Products;
			sourceTree = "<group>";
		};
		DA746F8724487770008F3BF6 /* poc_viodeplayer */ = {
			isa = PBXGroup;
			children = (
				DA746F8824487770008F3BF6 /* AppDelegate.swift */,
				DA746F8A24487770008F3BF6 /* SceneDelegate.swift */,
				DA746F8C24487770008F3BF6 /* ViewController.swift */,
				DA746F8E24487770008F3BF6 /* Main.storyboard */,
				DA746F9124487774008F3BF6 /* Assets.xcassets */,
				DA746F9324487774008F3BF6 /* LaunchScreen.storyboard */,
				DA746F9624487774008F3BF6 /* Info.plist */,
			);
			path = poc_viodeplayer;
			sourceTree = "<group>";
		};
/* End PBXGroup section */

/* Begin PBXNativeTarget section */
		DA746F8424487770008F3BF6 /* poc_viodeplayer */ = {
			isa = PBXNativeTarget;
			buildConfigurationList = DA746F9924487774008F3BF6 /* Build configuration list for PBXNativeTarget "poc_viodeplayer" */;
			buildPhases = (
				D657BDEF9A3BD6D336380E30 /* [CP] Check Pods Manifest.lock */,
				DA746F8124487770008F3BF6 /* Sources */,
				DA746F8224487770008F3BF6 /* Frameworks */,
				DA746F8324487770008F3BF6 /* Resources */,
				8A339F1DAB12140E30E6B36A /* [CP] Embed Pods Frameworks */,
			);
			buildRules = (
			);
			dependencies = (
			);
			name = poc_viodeplayer;
			productName = poc_viodeplayer;
			productReference = DA746F8524487770008F3BF6 /* poc_viodeplayer.app */;
			productType = "com.apple.product-type.application";
		};
/* End PBXNativeTarget section */

/* Begin PBXProject section */
		DA746F7D24487770008F3BF6 /* Project object */ = {
			isa = PBXProject;
			attributes = {
				LastSwiftUpdateCheck = 1140;
				LastUpgradeCheck = 1140;
				ORGANIZATIONNAME = "Guilherme Domingues";
				TargetAttributes = {
					DA746F8424487770008F3BF6 = {
						CreatedOnToolsVersion = 11.4;
					};
				};
			};
			buildConfigurationList = DA746F8024487770008F3BF6 /* Build configuration list for PBXProject "poc_viodeplayer" */;
			compatibilityVersion = "Xcode 9.3";
			developmentRegion = en;
			hasScannedForEncodings = 0;
			knownRegions = (
				en,
				Base,
			);
			mainGroup = DA746F7C24487770008F3BF6;
			productRefGroup = DA746F8624487770008F3BF6 /* Products */;
			projectDirPath = "";
			projectRoot = "";
			targets = (
				DA746F8424487770008F3BF6 /* poc_viodeplayer */,
			);
		};
/* End PBXProject section */

/* Begin PBXResourcesBuildPhase section */
		DA746F8324487770008F3BF6 /* Resources */ = {
			isa = PBXResourcesBuildPhase;
			buildActionMask = 2147483647;
			files = (
				DA746F9524487774008F3BF6 /* LaunchScreen.storyboard in Resources */,
				DA746F9224487774008F3BF6 /* Assets.xcassets in Resources */,
				DA746F9024487770008F3BF6 /* Main.storyboard in Resources */,
			);
			runOnlyForDeploymentPostprocessing = 0;
		};
/* End PBXResourcesBuildPhase section */

/* Begin PBXShellScriptBuildPhase section */
		8A339F1DAB12140E30E6B36A /* [CP] Embed Pods Frameworks */ = {
			isa = PBXShellScriptBuildPhase;
			buildActionMask = 2147483647;
			files = (
			);
			inputFileListPaths = (
				"${PODS_ROOT}/Target Support Files/Pods-poc_viodeplayer/Pods-poc_viodeplayer-frameworks-${CONFIGURATION}-input-files.xcfilelist",
			);
			name = "[CP] Embed Pods Frameworks";
			outputFileListPaths = (
				"${PODS_ROOT}/Target Support Files/Pods-poc_viodeplayer/Pods-poc_viodeplayer-frameworks-${CONFIGURATION}-output-files.xcfilelist",
			);
			runOnlyForDeploymentPostprocessing = 0;
			shellPath = /bin/sh;
			shellScript = "\"${PODS_ROOT}/Target Support Files/Pods-poc_viodeplayer/Pods-poc_viodeplayer-frameworks.sh\"\n";
			showEnvVarsInLog = 0;
		};
		D657BDEF9A3BD6D336380E30 /* [CP] Check Pods Manifest.lock */ = {
			isa = PBXShellScriptBuildPhase;
			buildActionMask = 2147483647;
			files = (
			);
			inputFileListPaths = (
			);
			inputPaths = (
				"${PODS_PODFILE_DIR_PATH}/Podfile.lock",
				"${PODS_ROOT}/Manifest.lock",
			);
			name = "[CP] Check Pods Manifest.lock";
			outputFileListPaths = (
			);
			outputPaths = (
				"$(DERIVED_FILE_DIR)/Pods-poc_viodeplayer-checkManifestLockResult.txt",
			);
			runOnlyForDeploymentPostprocessing = 0;
			shellPath = /bin/sh;
			shellScript = "diff \"${PODS_PODFILE_DIR_PATH}/Podfile.lock\" \"${PODS_ROOT}/Manifest.lock\" > /dev/null\nif [ $? != 0 ] ; then\n    # print error to STDERR\n    echo \"error: The sandbox is not in sync with the Podfile.lock. Run 'pod install' or update your CocoaPods installation.\" >&2\n    exit 1\nfi\n# This output is used by Xcode 'outputs' to avoid re-running this script phase.\necho \"SUCCESS\" > \"${SCRIPT_OUTPUT_FILE_0}\"\n";
			showEnvVarsInLog = 0;
		};
/* End PBXShellScriptBuildPhase section */

/* Begin PBXSourcesBuildPhase section */
		DA746F8124487770008F3BF6 /* Sources */ = {
			isa = PBXSourcesBuildPhase;
			buildActionMask = 2147483647;
			files = (
				DA746F8D24487770008F3BF6 /* ViewController.swift in Sources */,
				DA746F8924487770008F3BF6 /* AppDelegate.swift in Sources */,
				DA746F8B24487770008F3BF6 /* SceneDelegate.swift in Sources */,
			);
			runOnlyForDeploymentPostprocessing = 0;
		};
/* End PBXSourcesBuildPhase section */

/* Begin PBXVariantGroup section */
		DA746F8E24487770008F3BF6 /* Main.storyboard */ = {
			isa = PBXVariantGroup;
			children = (
				DA746F8F24487770008F3BF6 /* Base */,
			);
			name = Main.storyboard;
			sourceTree = "<group>";
		};
		DA746F9324487774008F3BF6 /* LaunchScreen.storyboard */ = {
			isa = PBXVariantGroup;
			children = (
				DA746F9424487774008F3BF6 /* Base */,
			);
			name = LaunchScreen.storyboard;
			sourceTree = "<group>";
		};
/* End PBXVariantGroup section */

/* Begin XCBuildConfiguration section */
		DA746F9724487774008F3BF6 /* Debug */ = {
			isa = XCBuildConfiguration;
			buildSettings = {
				ALWAYS_SEARCH_USER_PATHS = NO;
				CLANG_ANALYZER_NONNULL = YES;
				CLANG_ANALYZER_NUMBER_OBJECT_CONVERSION = YES_AGGRESSIVE;
				CLANG_CXX_LANGUAGE_STANDARD = "gnu++14";
				CLANG_CXX_LIBRARY = "libc++";
				CLANG_ENABLE_MODULES = YES;
				CLANG_ENABLE_OBJC_ARC = YES;
				CLANG_ENABLE_OBJC_WEAK = YES;
				CLANG_WARN_BLOCK_CAPTURE_AUTORELEASING = YES;
				CLANG_WARN_BOOL_CONVERSION = YES;
				CLANG_WARN_COMMA = YES;
				CLANG_WARN_CONSTANT_CONVERSION = YES;
				CLANG_WARN_DEPRECATED_OBJC_IMPLEMENTATIONS = YES;
				CLANG_WARN_DIRECT_OBJC_ISA_USAGE = YES_ERROR;
				CLANG_WARN_DOCUMENTATION_COMMENTS = YES;
				CLANG_WARN_EMPTY_BODY = YES;
				CLANG_WARN_ENUM_CONVERSION = YES;
				CLANG_WARN_INFINITE_RECURSION = YES;
				CLANG_WARN_INT_CONVERSION = YES;
				CLANG_WARN_NON_LITERAL_NULL_CONVERSION = YES;
				CLANG_WARN_OBJC_IMPLICIT_RETAIN_SELF = YES;
				CLANG_WARN_OBJC_LITERAL_CONVERSION = YES;
				CLANG_WARN_OBJC_ROOT_CLASS = YES_ERROR;
				CLANG_WARN_RANGE_LOOP_ANALYSIS = YES;
				CLANG_WARN_STRICT_PROTOTYPES = YES;
				CLANG_WARN_SUSPICIOUS_MOVE = YES;
				CLANG_WARN_UNGUARDED_AVAILABILITY = YES_AGGRESSIVE;
				CLANG_WARN_UNREACHABLE_CODE = YES;
				CLANG_WARN__DUPLICATE_METHOD_MATCH = YES;
				COPY_PHASE_STRIP = NO;
				DEBUG_INFORMATION_FORMAT = dwarf;
				ENABLE_STRICT_OBJC_MSGSEND = YES;
				ENABLE_TESTABILITY = YES;
				GCC_C_LANGUAGE_STANDARD = gnu11;
				GCC_DYNAMIC_NO_PIC = NO;
				GCC_NO_COMMON_BLOCKS = YES;
				GCC_OPTIMIZATION_LEVEL = 0;
				GCC_PREPROCESSOR_DEFINITIONS = (
					"DEBUG=1",
					"$(inherited)",
				);
				GCC_WARN_64_TO_32_BIT_CONVERSION = YES;
				GCC_WARN_ABOUT_RETURN_TYPE = YES_ERROR;
				GCC_WARN_UNDECLARED_SELECTOR = YES;
				GCC_WARN_UNINITIALIZED_AUTOS = YES_AGGRESSIVE;
				GCC_WARN_UNUSED_FUNCTION = YES;
				GCC_WARN_UNUSED_VARIABLE = YES;
				IPHONEOS_DEPLOYMENT_TARGET = 13.4;
				MTL_ENABLE_DEBUG_INFO = INCLUDE_SOURCE;
				MTL_FAST_MATH = YES;
				ONLY_ACTIVE_ARCH = YES;
				SDKROOT = iphoneos;
				SWIFT_ACTIVE_COMPILATION_CONDITIONS = DEBUG;
				SWIFT_OPTIMIZATION_LEVEL = "-Onone";
			};
			name = Debug;
		};
		DA746F9824487774008F3BF6 /* Release */ = {
			isa = XCBuildConfiguration;
			buildSettings = {
				ALWAYS_SEARCH_USER_PATHS = NO;
				CLANG_ANALYZER_NONNULL = YES;
				CLANG_ANALYZER_NUMBER_OBJECT_CONVERSION = YES_AGGRESSIVE;
				CLANG_CXX_LANGUAGE_STANDARD = "gnu++14";
				CLANG_CXX_LIBRARY = "libc++";
				CLANG_ENABLE_MODULES = YES;
				CLANG_ENABLE_OBJC_ARC = YES;
				CLANG_ENABLE_OBJC_WEAK = YES;
				CLANG_WARN_BLOCK_CAPTURE_AUTORELEASING = YES;
				CLANG_WARN_BOOL_CONVERSION = YES;
				CLANG_WARN_COMMA = YES;
				CLANG_WARN_CONSTANT_CONVERSION = YES;
				CLANG_WARN_DEPRECATED_OBJC_IMPLEMENTATIONS = YES;
				CLANG_WARN_DIRECT_OBJC_ISA_USAGE = YES_ERROR;
				CLANG_WARN_DOCUMENTATION_COMMENTS = YES;
				CLANG_WARN_EMPTY_BODY = YES;
				CLANG_WARN_ENUM_CONVERSION = YES;
				CLANG_WARN_INFINITE_RECURSION = YES;
				CLANG_WARN_INT_CONVERSION = YES;
				CLANG_WARN_NON_LITERAL_NULL_CONVERSION = YES;
				CLANG_WARN_OBJC_IMPLICIT_RETAIN_SELF = YES;
				CLANG_WARN_OBJC_LITERAL_CONVERSION = YES;
				CLANG_WARN_OBJC_ROOT_CLASS = YES_ERROR;
				CLANG_WARN_RANGE_LOOP_ANALYSIS = YES;
				CLANG_WARN_STRICT_PROTOTYPES = YES;
				CLANG_WARN_SUSPICIOUS_MOVE = YES;
				CLANG_WARN_UNGUARDED_AVAILABILITY = YES_AGGRESSIVE;
				CLANG_WARN_UNREACHABLE_CODE = YES;
				CLANG_WARN__DUPLICATE_METHOD_MATCH = YES;
				COPY_PHASE_STRIP = NO;
				DEBUG_INFORMATION_FORMAT = "dwarf-with-dsym";
				ENABLE_NS_ASSERTIONS = NO;
				ENABLE_STRICT_OBJC_MSGSEND = YES;
				GCC_C_LANGUAGE_STANDARD = gnu11;
				GCC_NO_COMMON_BLOCKS = YES;
				GCC_WARN_64_TO_32_BIT_CONVERSION = YES;
				GCC_WARN_ABOUT_RETURN_TYPE = YES_ERROR;
				GCC_WARN_UNDECLARED_SELECTOR = YES;
				GCC_WARN_UNINITIALIZED_AUTOS = YES_AGGRESSIVE;
				GCC_WARN_UNUSED_FUNCTION = YES;
				GCC_WARN_UNUSED_VARIABLE = YES;
				IPHONEOS_DEPLOYMENT_TARGET = 13.4;
				MTL_ENABLE_DEBUG_INFO = NO;
				MTL_FAST_MATH = YES;
				SDKROOT = iphoneos;
				SWIFT_COMPILATION_MODE = wholemodule;
				SWIFT_OPTIMIZATION_LEVEL = "-O";
				VALIDATE_PRODUCT = YES;
			};
			name = Release;
		};
		DA746F9A24487774008F3BF6 /* Debug */ = {
			isa = XCBuildConfiguration;
			baseConfigurationReference = 537E0153F4D4869E634D2482 /* Pods-poc_viodeplayer.debug.xcconfig */;
			buildSettings = {
				ASSETCATALOG_COMPILER_APPICON_NAME = AppIcon;
				CODE_SIGN_STYLE = Automatic;
				DEVELOPMENT_TEAM = BAB5K2DF2B;
				INFOPLIST_FILE = poc_viodeplayer/Info.plist;
				LD_RUNPATH_SEARCH_PATHS = (
					"$(inherited)",
					"@executable_path/Frameworks",
				);
				PRODUCT_BUNDLE_IDENTIFIER = "guilhermedomingues.poc-viodeplayer";
				PRODUCT_NAME = "$(TARGET_NAME)";
				SWIFT_VERSION = 5.0;
				TARGETED_DEVICE_FAMILY = "1,2";
			};
			name = Debug;
		};
		DA746F9B24487774008F3BF6 /* Release */ = {
			isa = XCBuildConfiguration;
			baseConfigurationReference = 3A316C490F87A3993D1B2F2E /* Pods-poc_viodeplayer.release.xcconfig */;
			buildSettings = {
				ASSETCATALOG_COMPILER_APPICON_NAME = AppIcon;
				CODE_SIGN_STYLE = Automatic;
				DEVELOPMENT_TEAM = BAB5K2DF2B;
				INFOPLIST_FILE = poc_viodeplayer/Info.plist;
				LD_RUNPATH_SEARCH_PATHS = (
					"$(inherited)",
					"@executable_path/Frameworks",
				);
				PRODUCT_BUNDLE_IDENTIFIER = "guilhermedomingues.poc-viodeplayer";
				PRODUCT_NAME = "$(TARGET_NAME)";
				SWIFT_VERSION = 5.0;
				TARGETED_DEVICE_FAMILY = "1,2";
			};
			name = Release;
		};
/* End XCBuildConfiguration section */

/* Begin XCConfigurationList section */
		DA746F8024487770008F3BF6 /* Build configuration list for PBXProject "poc_viodeplayer" */ = {
			isa = XCConfigurationList;
			buildConfigurations = (
				DA746F9724487774008F3BF6 /* Debug */,
				DA746F9824487774008F3BF6 /* Release */,
			);
			defaultConfigurationIsVisible = 0;
			defaultConfigurationName = Release;
		};
		DA746F9924487774008F3BF6 /* Build configuration list for PBXNativeTarget "poc_viodeplayer" */ = {
			isa = XCConfigurationList;
			buildConfigurations = (
				DA746F9A24487774008F3BF6 /* Debug */,
				DA746F9B24487774008F3BF6 /* Release */,
			);
			defaultConfigurationIsVisible = 0;
			defaultConfigurationName = Release;
		};
/* End XCConfigurationList section */
	};
	rootObject = DA746F7D24487770008F3BF6 /* Project object */;
}
